
Microsoft Visual Studio Solution File, Format Version 12.00
# Visual Studio Version 17
VisualStudioVersion = 17.8.34330.188
MinimumVisualStudioVersion = 10.0.40219.1
Project("{FAE04EC0-301F-11D3-BF4B-00C04F79EFBC}") = "TheProject", "TheProject\TheProject.csproj", "{B6EF6B40-B144-4D1E-B357-936255F0AF3E}"
EndProject
Global
	GlobalSection(SolutionConfigurationPlatforms) = preSolution
		Debug|Any CPU = Debug|Any CPU
		Release|Any CPU = Release|Any CPU
	EndGlobalSection
	GlobalSection(ProjectConfigurationPlatforms) = postSolution
		{B6EF6B40-B144-4D1E-B357-936255F0AF3E}.Debug|Any CPU.ActiveCfg = Debug|Any CPU
		{B6EF6B40-B144-4D1E-B357-936255F0AF3E}.Debug|Any CPU.Build.0 = Debug|Any CPU
		{B6EF6B40-B144-4D1E-B357-936255F0AF3E}.Release|Any CPU.ActiveCfg = Release|Any CPU
		{B6EF6B40-B144-4D1E-B357-936255F0AF3E}.Release|Any CPU.Build.0 = Release|Any CPU
	EndGlobalSection
	GlobalSection(SolutionProperties) = preSolution
		HideSolutionNode = FALSE
	EndGlobalSection
	GlobalSection(ExtensibilityGlobals) = postSolution
		SolutionGuid = {487F78D0-5FE5-4E45-8991-E82D2EC850EA}
	EndGlobalSection
EndGlobal
