
Microsoft Visual Studio Solution File, Format Version 12.00
# Visual Studio Version 17
VisualStudioVersion = 17.8.34330.188
MinimumVisualStudioVersion = 10.0.40219.1
Project("{9A19103F-16F7-4668-BE54-9A1E7A4F7556}") = "TheProject", "TheProject\TheProject.csproj", "{B6EF6B40-B144-4D1E-B357-936255F0AF3E}"
EndProject
Project("{9A19103F-16F7-4668-BE54-9A1E7A4F7556}") = "TheProject.Core", "TheProject.Core\TheProject.Core.csproj", "{FA159F8E-261C-46CB-BE13-41C6406670D4}"
EndProject
Project("{9A19103F-16F7-4668-BE54-9A1E7A4F7556}") = "TheProject.Infrastructure", "TheProject.Infrastructure\TheProject.Infrastructure.csproj", "{AF46A1CC-3B81-45BE-9BF5-CB8ACCF963ED}"
EndProject
Global
	GlobalSection(SolutionConfigurationPlatforms) = preSolution
		Debug|Any CPU = Debug|Any CPU
		Release|Any CPU = Release|Any CPU
	EndGlobalSection
	GlobalSection(ProjectConfigurationPlatforms) = postSolution
		{B6EF6B40-B144-4D1E-B357-936255F0AF3E}.Debug|Any CPU.ActiveCfg = Debug|Any CPU
		{B6EF6B40-B144-4D1E-B357-936255F0AF3E}.Debug|Any CPU.Build.0 = Debug|Any CPU
		{B6EF6B40-B144-4D1E-B357-936255F0AF3E}.Release|Any CPU.ActiveCfg = Release|Any CPU
		{B6EF6B40-B144-4D1E-B357-936255F0AF3E}.Release|Any CPU.Build.0 = Release|Any CPU
		{FA159F8E-261C-46CB-BE13-41C6406670D4}.Debug|Any CPU.ActiveCfg = Debug|Any CPU
		{FA159F8E-261C-46CB-BE13-41C6406670D4}.Debug|Any CPU.Build.0 = Debug|Any CPU
		{FA159F8E-261C-46CB-BE13-41C6406670D4}.Release|Any CPU.ActiveCfg = Release|Any CPU
		{FA159F8E-261C-46CB-BE13-41C6406670D4}.Release|Any CPU.Build.0 = Release|Any CPU
		{AF46A1CC-3B81-45BE-9BF5-CB8ACCF963ED}.Debug|Any CPU.ActiveCfg = Debug|Any CPU
		{AF46A1CC-3B81-45BE-9BF5-CB8ACCF963ED}.Debug|Any CPU.Build.0 = Debug|Any CPU
		{AF46A1CC-3B81-45BE-9BF5-CB8ACCF963ED}.Release|Any CPU.ActiveCfg = Release|Any CPU
		{AF46A1CC-3B81-45BE-9BF5-CB8ACCF963ED}.Release|Any CPU.Build.0 = Release|Any CPU
	EndGlobalSection
	GlobalSection(SolutionProperties) = preSolution
		HideSolutionNode = FALSE
	EndGlobalSection
	GlobalSection(ExtensibilityGlobals) = postSolution
		SolutionGuid = {487F78D0-5FE5-4E45-8991-E82D2EC850EA}
	EndGlobalSection
EndGlobal
